
Microsoft Visual Studio Solution File, Format Version 12.00
# Visual Studio Version 16
VisualStudioVersion = 16.0.32428.217
MinimumVisualStudioVersion = 10.0.40219.1
Project("{8BC9CEB8-8B4A-11D0-8D11-00A0C91BC942}") = "test_7_27", "test_7_27.vcxproj", "{158F482D-359A-417E-81A2-AFC323E5B468}"
EndProject
Global
	GlobalSection(SolutionConfigurationPlatforms) = preSolution
		Debug|x64 = Debug|x64
		Debug|x86 = Debug|x86
		Release|x64 = Release|x64
		Release|x86 = Release|x86
	EndGlobalSection
	GlobalSection(ProjectConfigurationPlatforms) = postSolution
		{158F482D-359A-417E-81A2-AFC323E5B468}.Debug|x64.ActiveCfg = Debug|x64
		{158F482D-359A-417E-81A2-AFC323E5B468}.Debug|x64.Build.0 = Debug|x64
		{158F482D-359A-417E-81A2-AFC323E5B468}.Debug|x86.ActiveCfg = Debug|Win32
		{158F482D-359A-417E-81A2-AFC323E5B468}.Debug|x86.Build.0 = Debug|Win32
		{158F482D-359A-417E-81A2-AFC323E5B468}.Release|x64.ActiveCfg = Release|x64
		{158F482D-359A-417E-81A2-AFC323E5B468}.Release|x64.Build.0 = Release|x64
		{158F482D-359A-417E-81A2-AFC323E5B468}.Release|x86.ActiveCfg = Release|Win32
		{158F482D-359A-417E-81A2-AFC323E5B468}.Release|x86.Build.0 = Release|Win32
	EndGlobalSection
	GlobalSection(SolutionProperties) = preSolution
		HideSolutionNode = FALSE
	EndGlobalSection
	GlobalSection(ExtensibilityGlobals) = postSolution
		SolutionGuid = {A4F1BD99-2D7B-4373-915C-694821159970}
	EndGlobalSection
EndGlobal
